{
    "_readme": [
        "This file locks the dependencies of your project to a known state",
        "Read more about it at https://getcomposer.org/doc/01-basic-usage.md#composer-lock-the-lock-file",
        "This file is @generated automatically"
    ],
    "hash": "bbf8ccedc3ab5004aa3ed392e94eab7d",
    "content-hash": "19cbeb11d004e135a322b51c32dd6ddb",
    "packages": [
        {
            "name": "colibriphp/http",
            "version": "v0.1.0",
            "source": {
                "type": "git",
                "url": "https://github.com/colibriphp/http.git",
                "reference": "c751c9541e6bc24b62195f1accd72c23153f5aad"
            },
            "dist": {
                "type": "zip",
                "url": "https://api.github.com/repos/colibriphp/http/zipball/c751c9541e6bc24b62195f1accd72c23153f5aad",
                "reference": "c751c9541e6bc24b62195f1accd72c23153f5aad",
                "shasum": ""
            },
            "require": {
                "php": ">=5.6"
            },
            "type": "library",
            "autoload": {
                "psr-4": {
                    "Colibri\\Http\\": "src/"
                }
            },
            "notification-url": "https://packagist.org/downloads/",
            "license": [
                "MIT"
            ],
            "authors": [
                {
                    "name": "Ivan Hontarenko",
                    "email": "stewie.dev@gmail.com"
                }
            ],
            "description": "Http Library",
            "keywords": [
                "colibri http",
                "http",
                "php http"
            ],
            "time": "2017-05-04 14:56:23"
        },
        {
            "name": "colibriphp/http-request",
            "version": "0.1.0",
            "source": {
                "type": "git",
                "url": "https://github.com/colibriphp/http-request.git",
                "reference": "18e7bac169021445f88216d07a356cc3d0c01ebb"
            },
            "dist": {
                "type": "zip",
                "url": "https://api.github.com/repos/colibriphp/http-request/zipball/18e7bac169021445f88216d07a356cc3d0c01ebb",
                "reference": "18e7bac169021445f88216d07a356cc3d0c01ebb",
                "shasum": ""
            },
            "require": {
                "colibriphp/uri": "~0.1",
                "php": ">=5.5"
            },
            "type": "library",
            "autoload": {
                "psr-4": {
                    "Colibri\\HttpRequest\\": "src/"
                }
            },
            "notification-url": "https://packagist.org/downloads/",
            "license": [
                "MIT"
            ],
            "authors": [
                {
                    "name": "Ivan Hontarenko",
                    "email": "stewie.dev@gmail.com"
                }
            ],
            "description": "Http Request Library",
            "keywords": [
                "http",
                "http-request"
            ],
            "time": "2017-05-12 17:01:41"
        },
        {
            "name": "colibriphp/uri",
            "version": "v0.1.0",
            "source": {
                "type": "git",
                "url": "https://github.com/colibriphp/uri.git",
                "reference": "ac8a00b6bcb8bb8b35a67908449b9822da356757"
            },
            "dist": {
                "type": "zip",
                "url": "https://api.github.com/repos/colibriphp/uri/zipball/ac8a00b6bcb8bb8b35a67908449b9822da356757",
                "reference": "ac8a00b6bcb8bb8b35a67908449b9822da356757",
                "shasum": ""
            },
            "require": {
                "colibriphp/http": "~0.1",
                "php": ">=5.5"
            },
            "type": "library",
            "autoload": {
                "psr-4": {
                    "Colibri\\URI\\": "src/"
                }
            },
            "notification-url": "https://packagist.org/downloads/",
            "license": [
                "MIT"
            ],
            "authors": [
                {
                    "name": "Ivan Hontarenko",
                    "email": "stewie.dev@gmail.com"
                }
            ],
            "description": "URL/URI Library",
            "keywords": [
                "dez-php url",
                "php url",
                "uri",
                "url",
                "url builder"
            ],
            "time": "2017-05-05 09:10:46"
        }
    ],
    "packages-dev": [],
    "aliases": [],
    "minimum-stability": "stable",
    "stability-flags": [],
    "prefer-stable": false,
    "prefer-lowest": false,
    "platform": {
        "php": ">=5.5"
    },
    "platform-dev": []
}
